
Microsoft Visual Studio Solution File, Format Version 12.00
# Visual Studio 15
Project("{FAE04EC0-301F-11D3-BF4B-00C04F79EFBC}") = "euchre.NET", "euchre.NET\euchre.NET.csproj", "{F3A79E8B-8736-4E38-B0EB-CBC758E7120E}"
EndProject
Global
	GlobalSection(SolutionConfigurationPlatforms) = preSolution
		Debug|Any CPU = Debug|Any CPU
		Release|Any CPU = Release|Any CPU
	EndGlobalSection
	GlobalSection(ProjectConfigurationPlatforms) = postSolution
		{F3A79E8B-8736-4E38-B0EB-CBC758E7120E}.Debug|Any CPU.ActiveCfg = Debug|Any CPU
		{F3A79E8B-8736-4E38-B0EB-CBC758E7120E}.Debug|Any CPU.Build.0 = Debug|Any CPU
		{F3A79E8B-8736-4E38-B0EB-CBC758E7120E}.Release|Any CPU.ActiveCfg = Release|Any CPU
		{F3A79E8B-8736-4E38-B0EB-CBC758E7120E}.Release|Any CPU.Build.0 = Release|Any CPU
	EndGlobalSection
EndGlobal
